// !$*UTF8*$!
{
	archiveVersion = 1;
	classes = {
	};
	objectVersion = 46;
	objects = {

/* Begin PBXBuildFile section */
		AD50695419DBC4BC00E831EB /* Foundation.framework in Frameworks */ = {isa = PBXBuildFile; fileRef = AD50695319DBC4BC00E831EB /* Foundation.framework */; };
		AD50695619DBC4BC00E831EB /* CoreGraphics.framework in Frameworks */ = {isa = PBXBuildFile; fileRef = AD50695519DBC4BC00E831EB /* CoreGraphics.framework */; };
		AD50695819DBC4BC00E831EB /* UIKit.framework in Frameworks */ = {isa = PBXBuildFile; fileRef = AD50695719DBC4BC00E831EB /* UIKit.framework */; };
		AD50695E19DBC4BC00E831EB /* InfoPlist.strings in Resources */ = {isa = PBXBuildFile; fileRef = AD50695C19DBC4BC00E831EB /* InfoPlist.strings */; };
		AD50696019DBC4BC00E831EB /* main.m in Sources */ = {isa = PBXBuildFile; fileRef = AD50695F19DBC4BC00E831EB /* main.m */; };
		AD50696419DBC4BC00E831EB /* MMZAppDelegate.m in Sources */ = {isa = PBXBuildFile; fileRef = AD50696319DBC4BC00E831EB /* MMZAppDelegate.m */; };
		AD50696619DBC4BC00E831EB /* Images.xcassets in Resources */ = {isa = PBXBuildFile; fileRef = AD50696519DBC4BC00E831EB /* Images.xcassets */; };
		AD50696D19DBC4BC00E831EB /* XCTest.framework in Frameworks */ = {isa = PBXBuildFile; fileRef = AD50696C19DBC4BC00E831EB /* XCTest.framework */; };
		AD50696E19DBC4BC00E831EB /* Foundation.framework in Frameworks */ = {isa = PBXBuildFile; fileRef = AD50695319DBC4BC00E831EB /* Foundation.framework */; };
		AD50696F19DBC4BC00E831EB /* UIKit.framework in Frameworks */ = {isa = PBXBuildFile; fileRef = AD50695719DBC4BC00E831EB /* UIKit.framework */; };
		AD50697719DBC4BC00E831EB /* InfoPlist.strings in Resources */ = {isa = PBXBuildFile; fileRef = AD50697519DBC4BC00E831EB /* InfoPlist.strings */; };
		AD50697919DBC4BC00E831EB /* MMZHelpersExampleTests.m in Sources */ = {isa = PBXBuildFile; fileRef = AD50697819DBC4BC00E831EB /* MMZHelpersExampleTests.m */; };
/* End PBXBuildFile section */

/* Begin PBXContainerItemProxy section */
		AD50697019DBC4BC00E831EB /* PBXContainerItemProxy */ = {
			isa = PBXContainerItemProxy;
			containerPortal = AD50694819DBC4BC00E831EB /* Project object */;
			proxyType = 1;
			remoteGlobalIDString = AD50694F19DBC4BC00E831EB;
			remoteInfo = MMZHelpersExample;
		};
/* End PBXContainerItemProxy section */

/* Begin PBXFileReference section */
		AD50695019DBC4BC00E831EB /* MMZHelpersExample.app */ = {isa = PBXFileReference; explicitFileType = wrapper.application; includeInIndex = 0; path = MMZHelpersExample.app; sourceTree = BUILT_PRODUCTS_DIR; };
		AD50695319DBC4BC00E831EB /* Foundation.framework */ = {isa = PBXFileReference; lastKnownFileType = wrapper.framework; name = Foundation.framework; path = System/Library/Frameworks/Foundation.framework; sourceTree = SDKROOT; };
		AD50695519DBC4BC00E831EB /* CoreGraphics.framework */ = {isa = PBXFileReference; lastKnownFileType = wrapper.framework; name = CoreGraphics.framework; path = System/Library/Frameworks/CoreGraphics.framework; sourceTree = SDKROOT; };
		AD50695719DBC4BC00E831EB /* UIKit.framework */ = {isa = PBXFileReference; lastKnownFileType = wrapper.framework; name = UIKit.framework; path = System/Library/Frameworks/UIKit.framework; sourceTree = SDKROOT; };
		AD50695B19DBC4BC00E831EB /* MMZHelpersExample-Info.plist */ = {isa = PBXFileReference; lastKnownFileType = text.plist.xml; path = "MMZHelpersExample-Info.plist"; sourceTree = "<group>"; };
		AD50695D19DBC4BC00E831EB /* en */ = {isa = PBXFileReference; lastKnownFileType = text.plist.strings; name = en; path = en.lproj/InfoPlist.strings; sourceTree = "<group>"; };
		AD50695F19DBC4BC00E831EB /* main.m */ = {isa = PBXFileReference; lastKnownFileType = sourcecode.c.objc; path = main.m; sourceTree = "<group>"; };
		AD50696119DBC4BC00E831EB /* MMZHelpersExample-Prefix.pch */ = {isa = PBXFileReference; lastKnownFileType = sourcecode.c.h; path = "MMZHelpersExample-Prefix.pch"; sourceTree = "<group>"; };
		AD50696219DBC4BC00E831EB /* MMZAppDelegate.h */ = {isa = PBXFileReference; lastKnownFileType = sourcecode.c.h; path = MMZAppDelegate.h; sourceTree = "<group>"; };
		AD50696319DBC4BC00E831EB /* MMZAppDelegate.m */ = {isa = PBXFileReference; lastKnownFileType = sourcecode.c.objc; path = MMZAppDelegate.m; sourceTree = "<group>"; };
		AD50696519DBC4BC00E831EB /* Images.xcassets */ = {isa = PBXFileReference; lastKnownFileType = folder.assetcatalog; path = Images.xcassets; sourceTree = "<group>"; };
		AD50696B19DBC4BC00E831EB /* MMZHelpersExampleTests.xctest */ = {isa = PBXFileReference; explicitFileType = wrapper.cfbundle; includeInIndex = 0; path = MMZHelpersExampleTests.xctest; sourceTree = BUILT_PRODUCTS_DIR; };
		AD50696C19DBC4BC00E831EB /* XCTest.framework */ = {isa = PBXFileReference; lastKnownFileType = wrapper.framework; name = XCTest.framework; path = Library/Frameworks/XCTest.framework; sourceTree = DEVELOPER_DIR; };
		AD50697419DBC4BC00E831EB /* MMZHelpersExampleTests-Info.plist */ = {isa = PBXFileReference; lastKnownFileType = text.plist.xml; path = "MMZHelpersExampleTests-Info.plist"; sourceTree = "<group>"; };
		AD50697619DBC4BC00E831EB /* en */ = {isa = PBXFileReference; lastKnownFileType = text.plist.strings; name = en; path = en.lproj/InfoPlist.strings; sourceTree = "<group>"; };
		AD50697819DBC4BC00E831EB /* MMZHelpersExampleTests.m */ = {isa = PBXFileReference; lastKnownFileType = sourcecode.c.objc; path = MMZHelpersExampleTests.m; sourceTree = "<group>"; };
/* End PBXFileReference section */

/* Begin PBXFrameworksBuildPhase section */
		AD50694D19DBC4BC00E831EB /* Frameworks */ = {
			isa = PBXFrameworksBuildPhase;
			buildActionMask = 2147483647;
			files = (
				AD50695619DBC4BC00E831EB /* CoreGraphics.framework in Frameworks */,
				AD50695819DBC4BC00E831EB /* UIKit.framework in Frameworks */,
				AD50695419DBC4BC00E831EB /* Foundation.framework in Frameworks */,
			);
			runOnlyForDeploymentPostprocessing = 0;
		};
		AD50696819DBC4BC00E831EB /* Frameworks */ = {
			isa = PBXFrameworksBuildPhase;
			buildActionMask = 2147483647;
			files = (
				AD50696D19DBC4BC00E831EB /* XCTest.framework in Frameworks */,
				AD50696F19DBC4BC00E831EB /* UIKit.framework in Frameworks */,
				AD50696E19DBC4BC00E831EB /* Foundation.framework in Frameworks */,
			);
			runOnlyForDeploymentPostprocessing = 0;
		};
/* End PBXFrameworksBuildPhase section */

/* Begin PBXGroup section */
		AD50694719DBC4BC00E831EB = {
			isa = PBXGroup;
			children = (
				AD50695919DBC4BC00E831EB /* MMZHelpersExample */,
				AD50697219DBC4BC00E831EB /* MMZHelpersExampleTests */,
				AD50695219DBC4BC00E831EB /* Frameworks */,
				AD50695119DBC4BC00E831EB /* Products */,
			);
			sourceTree = "<group>";
		};
		AD50695119DBC4BC00E831EB /* Products */ = {
			isa = PBXGroup;
			children = (
				AD50695019DBC4BC00E831EB /* MMZHelpersExample.app */,
				AD50696B19DBC4BC00E831EB /* MMZHelpersExampleTests.xctest */,
			);
			name = Products;
			sourceTree = "<group>";
		};
		AD50695219DBC4BC00E831EB /* Frameworks */ = {
			isa = PBXGroup;
			children = (
				AD50695319DBC4BC00E831EB /* Foundation.framework */,
				AD50695519DBC4BC00E831EB /* CoreGraphics.framework */,
				AD50695719DBC4BC00E831EB /* UIKit.framework */,
				AD50696C19DBC4BC00E831EB /* XCTest.framework */,
			);
			name = Frameworks;
			sourceTree = "<group>";
		};
		AD50695919DBC4BC00E831EB /* MMZHelpersExample */ = {
			isa = PBXGroup;
			children = (
				AD50696219DBC4BC00E831EB /* MMZAppDelegate.h */,
				AD50696319DBC4BC00E831EB /* MMZAppDelegate.m */,
				AD50696519DBC4BC00E831EB /* Images.xcassets */,
				AD50695A19DBC4BC00E831EB /* Supporting Files */,
			);
			path = MMZHelpersExample;
			sourceTree = "<group>";
		};
		AD50695A19DBC4BC00E831EB /* Supporting Files */ = {
			isa = PBXGroup;
			children = (
				AD50695B19DBC4BC00E831EB /* MMZHelpersExample-Info.plist */,
				AD50695C19DBC4BC00E831EB /* InfoPlist.strings */,
				AD50695F19DBC4BC00E831EB /* main.m */,
				AD50696119DBC4BC00E831EB /* MMZHelpersExample-Prefix.pch */,
			);
			name = "Supporting Files";
			sourceTree = "<group>";
		};
		AD50697219DBC4BC00E831EB /* MMZHelpersExampleTests */ = {
			isa = PBXGroup;
			children = (
				AD50697819DBC4BC00E831EB /* MMZHelpersExampleTests.m */,
				AD50697319DBC4BC00E831EB /* Supporting Files */,
			);
			path = MMZHelpersExampleTests;
			sourceTree = "<group>";
		};
		AD50697319DBC4BC00E831EB /* Supporting Files */ = {
			isa = PBXGroup;
			children = (
				AD50697419DBC4BC00E831EB /* MMZHelpersExampleTests-Info.plist */,
				AD50697519DBC4BC00E831EB /* InfoPlist.strings */,
			);
			name = "Supporting Files";
			sourceTree = "<group>";
		};
/* End PBXGroup section */

/* Begin PBXNativeTarget section */
		AD50694F19DBC4BC00E831EB /* MMZHelpersExample */ = {
			isa = PBXNativeTarget;
			buildConfigurationList = AD50697C19DBC4BC00E831EB /* Build configuration list for PBXNativeTarget "MMZHelpersExample" */;
			buildPhases = (
				AD50694C19DBC4BC00E831EB /* Sources */,
				AD50694D19DBC4BC00E831EB /* Frameworks */,
				AD50694E19DBC4BC00E831EB /* Resources */,
			);
			buildRules = (
			);
			dependencies = (
			);
			name = MMZHelpersExample;
			productName = MMZHelpersExample;
			productReference = AD50695019DBC4BC00E831EB /* MMZHelpersExample.app */;
			productType = "com.apple.product-type.application";
		};
		AD50696A19DBC4BC00E831EB /* MMZHelpersExampleTests */ = {
			isa = PBXNativeTarget;
			buildConfigurationList = AD50697F19DBC4BC00E831EB /* Build configuration list for PBXNativeTarget "MMZHelpersExampleTests" */;
			buildPhases = (
				AD50696719DBC4BC00E831EB /* Sources */,
				AD50696819DBC4BC00E831EB /* Frameworks */,
				AD50696919DBC4BC00E831EB /* Resources */,
			);
			buildRules = (
			);
			dependencies = (
				AD50697119DBC4BC00E831EB /* PBXTargetDependency */,
			);
			name = MMZHelpersExampleTests;
			productName = MMZHelpersExampleTests;
			productReference = AD50696B19DBC4BC00E831EB /* MMZHelpersExampleTests.xctest */;
			productType = "com.apple.product-type.bundle.unit-test";
		};
/* End PBXNativeTarget section */

/* Begin PBXProject section */
		AD50694819DBC4BC00E831EB /* Project object */ = {
			isa = PBXProject;
			attributes = {
				CLASSPREFIX = MMZ;
				LastUpgradeCheck = 0510;
				ORGANIZATIONNAME = mamaz;
				TargetAttributes = {
					AD50696A19DBC4BC00E831EB = {
						TestTargetID = AD50694F19DBC4BC00E831EB;
					};
				};
			};
			buildConfigurationList = AD50694B19DBC4BC00E831EB /* Build configuration list for PBXProject "MMZHelpersExample" */;
			compatibilityVersion = "Xcode 3.2";
			developmentRegion = English;
			hasScannedForEncodings = 0;
			knownRegions = (
				en,
			);
			mainGroup = AD50694719DBC4BC00E831EB;
			productRefGroup = AD50695119DBC4BC00E831EB /* Products */;
			projectDirPath = "";
			projectRoot = "";
			targets = (
				AD50694F19DBC4BC00E831EB /* MMZHelpersExample */,
				AD50696A19DBC4BC00E831EB /* MMZHelpersExampleTests */,
			);
		};
/* End PBXProject section */

/* Begin PBXResourcesBuildPhase section */
		AD50694E19DBC4BC00E831EB /* Resources */ = {
			isa = PBXResourcesBuildPhase;
			buildActionMask = 2147483647;
			files = (
				AD50695E19DBC4BC00E831EB /* InfoPlist.strings in Resources */,
				AD50696619DBC4BC00E831EB /* Images.xcassets in Resources */,
			);
			runOnlyForDeploymentPostprocessing = 0;
		};
		AD50696919DBC4BC00E831EB /* Resources */ = {
			isa = PBXResourcesBuildPhase;
			buildActionMask = 2147483647;
			files = (
				AD50697719DBC4BC00E831EB /* InfoPlist.strings in Resources */,
			);
			runOnlyForDeploymentPostprocessing = 0;
		};
/* End PBXResourcesBuildPhase section */

/* Begin PBXSourcesBuildPhase section */
		AD50694C19DBC4BC00E831EB /* Sources */ = {
			isa = PBXSourcesBuildPhase;
			buildActionMask = 2147483647;
			files = (
				AD50696019DBC4BC00E831EB /* main.m in Sources */,
				AD50696419DBC4BC00E831EB /* MMZAppDelegate.m in Sources */,
			);
			runOnlyForDeploymentPostprocessing = 0;
		};
		AD50696719DBC4BC00E831EB /* Sources */ = {
			isa = PBXSourcesBuildPhase;
			buildActionMask = 2147483647;
			files = (
				AD50697919DBC4BC00E831EB /* MMZHelpersExampleTests.m in Sources */,
			);
			runOnlyForDeploymentPostprocessing = 0;
		};
/* End PBXSourcesBuildPhase section */

/* Begin PBXTargetDependency section */
		AD50697119DBC4BC00E831EB /* PBXTargetDependency */ = {
			isa = PBXTargetDependency;
			target = AD50694F19DBC4BC00E831EB /* MMZHelpersExample */;
			targetProxy = AD50697019DBC4BC00E831EB /* PBXContainerItemProxy */;
		};
/* End PBXTargetDependency section */

/* Begin PBXVariantGroup section */
		AD50695C19DBC4BC00E831EB /* InfoPlist.strings */ = {
			isa = PBXVariantGroup;
			children = (
				AD50695D19DBC4BC00E831EB /* en */,
			);
			name = InfoPlist.strings;
			sourceTree = "<group>";
		};
		AD50697519DBC4BC00E831EB /* InfoPlist.strings */ = {
			isa = PBXVariantGroup;
			children = (
				AD50697619DBC4BC00E831EB /* en */,
			);
			name = InfoPlist.strings;
			sourceTree = "<group>";
		};
/* End PBXVariantGroup section */

/* Begin XCBuildConfiguration section */
		AD50697A19DBC4BC00E831EB /* Debug */ = {
			isa = XCBuildConfiguration;
			buildSettings = {
				ALWAYS_SEARCH_USER_PATHS = NO;
				CLANG_CXX_LANGUAGE_STANDARD = "gnu++0x";
				CLANG_CXX_LIBRARY = "libc++";
				CLANG_ENABLE_MODULES = YES;
				CLANG_ENABLE_OBJC_ARC = YES;
				CLANG_WARN_BOOL_CONVERSION = YES;
				CLANG_WARN_CONSTANT_CONVERSION = YES;
				CLANG_WARN_DIRECT_OBJC_ISA_USAGE = YES_ERROR;
				CLANG_WARN_EMPTY_BODY = YES;
				CLANG_WARN_ENUM_CONVERSION = YES;
				CLANG_WARN_INT_CONVERSION = YES;
				CLANG_WARN_OBJC_ROOT_CLASS = YES_ERROR;
				CLANG_WARN__DUPLICATE_METHOD_MATCH = YES;
				"CODE_SIGN_IDENTITY[sdk=iphoneos*]" = "iPhone Developer";
				COPY_PHASE_STRIP = NO;
				GCC_C_LANGUAGE_STANDARD = gnu99;
				GCC_DYNAMIC_NO_PIC = NO;
				GCC_OPTIMIZATION_LEVEL = 0;
				GCC_PREPROCESSOR_DEFINITIONS = (
					"DEBUG=1",
					"$(inherited)",
				);
				GCC_SYMBOLS_PRIVATE_EXTERN = NO;
				GCC_WARN_64_TO_32_BIT_CONVERSION = YES;
				GCC_WARN_ABOUT_RETURN_TYPE = YES_ERROR;
				GCC_WARN_UNDECLARED_SELECTOR = YES;
				GCC_WARN_UNINITIALIZED_AUTOS = YES_AGGRESSIVE;
				GCC_WARN_UNUSED_FUNCTION = YES;
				GCC_WARN_UNUSED_VARIABLE = YES;
				IPHONEOS_DEPLOYMENT_TARGET = 7.1;
				ONLY_ACTIVE_ARCH = YES;
				SDKROOT = iphoneos;
			};
			name = Debug;
		};
		AD50697B19DBC4BC00E831EB /* Release */ = {
			isa = XCBuildConfiguration;
			buildSettings = {
				ALWAYS_SEARCH_USER_PATHS = NO;
				CLANG_CXX_LANGUAGE_STANDARD = "gnu++0x";
				CLANG_CXX_LIBRARY = "libc++";
				CLANG_ENABLE_MODULES = YES;
				CLANG_ENABLE_OBJC_ARC = YES;
				CLANG_WARN_BOOL_CONVERSION = YES;
				CLANG_WARN_CONSTANT_CONVERSION = YES;
				CLANG_WARN_DIRECT_OBJC_ISA_USAGE = YES_ERROR;
				CLANG_WARN_EMPTY_BODY = YES;
				CLANG_WARN_ENUM_CONVERSION = YES;
				CLANG_WARN_INT_CONVERSION = YES;
				CLANG_WARN_OBJC_ROOT_CLASS = YES_ERROR;
				CLANG_WARN__DUPLICATE_METHOD_MATCH = YES;
				"CODE_SIGN_IDENTITY[sdk=iphoneos*]" = "iPhone Developer";
				COPY_PHASE_STRIP = YES;
				ENABLE_NS_ASSERTIONS = NO;
				GCC_C_LANGUAGE_STANDARD = gnu99;
				GCC_WARN_64_TO_32_BIT_CONVERSION = YES;
				GCC_WARN_ABOUT_RETURN_TYPE = YES_ERROR;
				GCC_WARN_UNDECLARED_SELECTOR = YES;
				GCC_WARN_UNINITIALIZED_AUTOS = YES_AGGRESSIVE;
				GCC_WARN_UNUSED_FUNCTION = YES;
				GCC_WARN_UNUSED_VARIABLE = YES;
				IPHONEOS_DEPLOYMENT_TARGET = 7.1;
				SDKROOT = iphoneos;
				VALIDATE_PRODUCT = YES;
			};
			name = Release;
		};
		AD50697D19DBC4BC00E831EB /* Debug */ = {
			isa = XCBuildConfiguration;
			buildSettings = {
				ASSETCATALOG_COMPILER_APPICON_NAME = AppIcon;
				ASSETCATALOG_COMPILER_LAUNCHIMAGE_NAME = LaunchImage;
				GCC_PRECOMPILE_PREFIX_HEADER = YES;
				GCC_PREFIX_HEADER = "MMZHelpersExample/MMZHelpersExample-Prefix.pch";
				INFOPLIST_FILE = "MMZHelpersExample/MMZHelpersExample-Info.plist";
				PRODUCT_NAME = "$(TARGET_NAME)";
				WRAPPER_EXTENSION = app;
			};
			name = Debug;
		};
		AD50697E19DBC4BC00E831EB /* Release */ = {
			isa = XCBuildConfiguration;
			buildSettings = {
				ASSETCATALOG_COMPILER_APPICON_NAME = AppIcon;
				ASSETCATALOG_COMPILER_LAUNCHIMAGE_NAME = LaunchImage;
				GCC_PRECOMPILE_PREFIX_HEADER = YES;
				GCC_PREFIX_HEADER = "MMZHelpersExample/MMZHelpersExample-Prefix.pch";
				INFOPLIST_FILE = "MMZHelpersExample/MMZHelpersExample-Info.plist";
				PRODUCT_NAME = "$(TARGET_NAME)";
				WRAPPER_EXTENSION = app;
			};
			name = Release;
		};
		AD50698019DBC4BC00E831EB /* Debug */ = {
			isa = XCBuildConfiguration;
			buildSettings = {
				BUNDLE_LOADER = "$(BUILT_PRODUCTS_DIR)/MMZHelpersExample.app/MMZHelpersExample";
				FRAMEWORK_SEARCH_PATHS = (
					"$(SDKROOT)/Developer/Library/Frameworks",
					"$(inherited)",
					"$(DEVELOPER_FRAMEWORKS_DIR)",
				);
				GCC_PRECOMPILE_PREFIX_HEADER = YES;
				GCC_PREFIX_HEADER = "MMZHelpersExample/MMZHelpersExample-Prefix.pch";
				GCC_PREPROCESSOR_DEFINITIONS = (
					"DEBUG=1",
					"$(inherited)",
				);
				INFOPLIST_FILE = "MMZHelpersExampleTests/MMZHelpersExampleTests-Info.plist";
				PRODUCT_NAME = "$(TARGET_NAME)";
				TEST_HOST = "$(BUNDLE_LOADER)";
				WRAPPER_EXTENSION = xctest;
			};
			name = Debug;
		};
		AD50698119DBC4BC00E831EB /* Release */ = {
			isa = XCBuildConfiguration;
			buildSettings = {
				BUNDLE_LOADER = "$(BUILT_PRODUCTS_DIR)/MMZHelpersExample.app/MMZHelpersExample";
				FRAMEWORK_SEARCH_PATHS = (
					"$(SDKROOT)/Developer/Library/Frameworks",
					"$(inherited)",
					"$(DEVELOPER_FRAMEWORKS_DIR)",
				);
				GCC_PRECOMPILE_PREFIX_HEADER = YES;
				GCC_PREFIX_HEADER = "MMZHelpersExample/MMZHelpersExample-Prefix.pch";
				INFOPLIST_FILE = "MMZHelpersExampleTests/MMZHelpersExampleTests-Info.plist";
				PRODUCT_NAME = "$(TARGET_NAME)";
				TEST_HOST = "$(BUNDLE_LOADER)";
				WRAPPER_EXTENSION = xctest;
			};
			name = Release;
		};
/* End XCBuildConfiguration section */

/* Begin XCConfigurationList section */
		AD50694B19DBC4BC00E831EB /* Build configuration list for PBXProject "MMZHelpersExample" */ = {
			isa = XCConfigurationList;
			buildConfigurations = (
				AD50697A19DBC4BC00E831EB /* Debug */,
				AD50697B19DBC4BC00E831EB /* Release */,
			);
			defaultConfigurationIsVisible = 0;
			defaultConfigurationName = Release;
		};
		AD50697C19DBC4BC00E831EB /* Build configuration list for PBXNativeTarget "MMZHelpersExample" */ = {
			isa = XCConfigurationList;
			buildConfigurations = (
				AD50697D19DBC4BC00E831EB /* Debug */,
				AD50697E19DBC4BC00E831EB /* Release */,
			);
			defaultConfigurationIsVisible = 0;
		};
		AD50697F19DBC4BC00E831EB /* Build configuration list for PBXNativeTarget "MMZHelpersExampleTests" */ = {
			isa = XCConfigurationList;
			buildConfigurations = (
				AD50698019DBC4BC00E831EB /* Debug */,
				AD50698119DBC4BC00E831EB /* Release */,
			);
			defaultConfigurationIsVisible = 0;
		};
/* End XCConfigurationList section */
	};
	rootObject = AD50694819DBC4BC00E831EB /* Project object */;
}
